{
  "name": "typescript-td",
  "version": "1.0.0",
  "lockfileVersion": 1,
  "requires": true,
  "dependencies": {
    "@types/sweetalert": {
      "version": "1.1.28",
      "resolved": "https://registry.npmjs.org/@types/sweetalert/-/sweetalert-1.1.28.tgz",
      "integrity": "sha512-5A90pxXPIb+TwN/WhS5VBb6QQgIN6ArSXJrr7L8HcqgwiYwL0pIueZ302H5VVK43/uit+KICS6HfrJxm61x4dA=="
    },
    "sweetalert": {
      "version": "2.0.3",
      "resolved": "https://registry.npmjs.org/sweetalert/-/sweetalert-2.0.3.tgz",
      "integrity": "sha1-pgJ7dB/KTbbXouSidpyXHX7X+V4="
    },
    "typescript": {
      "version": "2.5.3",
      "resolved": "https://registry.npmjs.org/typescript/-/typescript-2.5.3.tgz",
      "integrity": "sha512-ptLSQs2S4QuS6/OD1eAKG+S5G8QQtrU5RT32JULdZQtM1L3WTi34Wsu48Yndzi8xsObRAB9RPt/KhA9wlpEF6w=="
    }
  }
}
